
Microsoft Visual Studio Solution File, Format Version 12.00
# Visual Studio Version 17
VisualStudioVersion = 17.8.34309.116
MinimumVisualStudioVersion = 10.0.40219.1
Project("{2150E333-8FDC-42A3-9474-1A3956D46DE8}") = "MVC", "MVC", "{B09C2496-FDD9-4A62-99E6-EC1E465C2370}"
EndProject
Project("{2150E333-8FDC-42A3-9474-1A3956D46DE8}") = "Vue", "Vue", "{39BE2047-E123-4560-84F8-C4A5818F4763}"
EndProject
Project("{54A90642-561A-4BB1-A94E-469ADEE60C69}") = "vueproject1", "vueproject1\vueproject1.esproj", "{F0249019-C8A0-44DA-97CD-CC9B0AC860CE}"
EndProject
Project("{FAE04EC0-301F-11D3-BF4B-00C04F79EFBC}") = "WebApi", "WebApi\WebApi.csproj", "{33AF7C64-40A2-42C7-9FB5-65BCAC0A2D89}"
EndProject
Global
	GlobalSection(SolutionConfigurationPlatforms) = preSolution
		Debug|Any CPU = Debug|Any CPU
		Release|Any CPU = Release|Any CPU
	EndGlobalSection
	GlobalSection(ProjectConfigurationPlatforms) = postSolution
		{F0249019-C8A0-44DA-97CD-CC9B0AC860CE}.Debug|Any CPU.ActiveCfg = Debug|Any CPU
		{F0249019-C8A0-44DA-97CD-CC9B0AC860CE}.Debug|Any CPU.Build.0 = Debug|Any CPU
		{F0249019-C8A0-44DA-97CD-CC9B0AC860CE}.Debug|Any CPU.Deploy.0 = Debug|Any CPU
		{F0249019-C8A0-44DA-97CD-CC9B0AC860CE}.Release|Any CPU.ActiveCfg = Release|Any CPU
		{F0249019-C8A0-44DA-97CD-CC9B0AC860CE}.Release|Any CPU.Build.0 = Release|Any CPU
		{F0249019-C8A0-44DA-97CD-CC9B0AC860CE}.Release|Any CPU.Deploy.0 = Release|Any CPU
		{33AF7C64-40A2-42C7-9FB5-65BCAC0A2D89}.Debug|Any CPU.ActiveCfg = Debug|Any CPU
		{33AF7C64-40A2-42C7-9FB5-65BCAC0A2D89}.Debug|Any CPU.Build.0 = Debug|Any CPU
		{33AF7C64-40A2-42C7-9FB5-65BCAC0A2D89}.Release|Any CPU.ActiveCfg = Release|Any CPU
		{33AF7C64-40A2-42C7-9FB5-65BCAC0A2D89}.Release|Any CPU.Build.0 = Release|Any CPU
	EndGlobalSection
	GlobalSection(SolutionProperties) = preSolution
		HideSolutionNode = FALSE
	EndGlobalSection
	GlobalSection(NestedProjects) = preSolution
		{F0249019-C8A0-44DA-97CD-CC9B0AC860CE} = {39BE2047-E123-4560-84F8-C4A5818F4763}
		{33AF7C64-40A2-42C7-9FB5-65BCAC0A2D89} = {B09C2496-FDD9-4A62-99E6-EC1E465C2370}
	EndGlobalSection
	GlobalSection(ExtensibilityGlobals) = postSolution
		SolutionGuid = {7100C157-6AE3-4FA3-BE5B-4707245ACEB6}
	EndGlobalSection
EndGlobal
